
Microsoft Visual Studio Solution File, Format Version 12.00
# Visual Studio Version 17
VisualStudioVersion = 17.14.36616.10 d17.14
MinimumVisualStudioVersion = 10.0.40219.1
Project("{FAE04EC0-301F-11D3-BF4B-00C04F79EFBC}") = "DatabaseBackupService", "DatabaseBackupService.csproj", "{3409C107-A967-485D-A484-46F18AB3CDCB}"
EndProject
Global
	GlobalSection(SolutionConfigurationPlatforms) = preSolution
		Debug|Any CPU = Debug|Any CPU
		Release|Any CPU = Release|Any CPU
	EndGlobalSection
	GlobalSection(ProjectConfigurationPlatforms) = postSolution
		{3409C107-A967-485D-A484-46F18AB3CDCB}.Debug|Any CPU.ActiveCfg = Debug|Any CPU
		{3409C107-A967-485D-A484-46F18AB3CDCB}.Debug|Any CPU.Build.0 = Debug|Any CPU
		{3409C107-A967-485D-A484-46F18AB3CDCB}.Release|Any CPU.ActiveCfg = Release|Any CPU
		{3409C107-A967-485D-A484-46F18AB3CDCB}.Release|Any CPU.Build.0 = Release|Any CPU
	EndGlobalSection
	GlobalSection(SolutionProperties) = preSolution
		HideSolutionNode = FALSE
	EndGlobalSection
	GlobalSection(ExtensibilityGlobals) = postSolution
		SolutionGuid = {E84590FF-F1B6-4C22-9349-566ADF07EAAB}
	EndGlobalSection
EndGlobal
